
Microsoft Visual Studio Solution File, Format Version 12.00
# Visual Studio Version 17
VisualStudioVersion = 17.0.31903.59
MinimumVisualStudioVersion = 10.0.40219.1
Project("{2150E333-8FDC-42A3-9474-1A3956D46DE8}") = "src", "src", "{827E0CD3-B72D-47B6-A68D-7590B98EB39B}"
EndProject
Project("{FAE04EC0-301F-11D3-BF4B-00C04F79EFBC}") = "Vigil.Api", "src\Vigil.Api\Vigil.Api.csproj", "{46EF4089-B43B-4484-A7A4-55C629EF4152}"
EndProject
Project("{FAE04EC0-301F-11D3-BF4B-00C04F79EFBC}") = "Vigil.Core", "src\Vigil.Core\Vigil.Core.csproj", "{4F9CB3EC-1E8E-44AB-841A-95AF8D3D0404}"
EndProject
Project("{FAE04EC0-301F-11D3-BF4B-00C04F79EFBC}") = "Vigil.Data", "src\Vigil.Data\Vigil.Data.csproj", "{196B3AAE-D4FB-4377-BE27-20D629FB3D08}"
EndProject
Project("{2150E333-8FDC-42A3-9474-1A3956D46DE8}") = "tests", "tests", "{0AB3BF05-4346-4AA6-1389-037BE0695223}"
EndProject
Project("{FAE04EC0-301F-11D3-BF4B-00C04F79EFBC}") = "Vigil.Api.Tests", "tests\Vigil.Api.Tests\Vigil.Api.Tests.csproj", "{E85FC92A-C28A-4A18-8F1B-93DD31ADD5A2}"
EndProject
Project("{FAE04EC0-301F-11D3-BF4B-00C04F79EFBC}") = "Vigil.Core.Tests", "tests\Vigil.Core.Tests\Vigil.Core.Tests.csproj", "{C78BECAA-8456-4075-973E-3E34670C970E}"
EndProject
Project("{FAE04EC0-301F-11D3-BF4B-00C04F79EFBC}") = "Vigil.Dvr", "src\Vigil.Dvr\Vigil.Dvr.csproj", "{54DE6CC8-E1DA-46D0-9ECA-C46D05E5DCA9}"
EndProject
Global
	GlobalSection(SolutionConfigurationPlatforms) = preSolution
		Debug|Any CPU = Debug|Any CPU
		Debug|x64 = Debug|x64
		Debug|x86 = Debug|x86
		Release|Any CPU = Release|Any CPU
		Release|x64 = Release|x64
		Release|x86 = Release|x86
	EndGlobalSection
	GlobalSection(ProjectConfigurationPlatforms) = postSolution
		{46EF4089-B43B-4484-A7A4-55C629EF4152}.Debug|Any CPU.ActiveCfg = Debug|Any CPU
		{46EF4089-B43B-4484-A7A4-55C629EF4152}.Debug|Any CPU.Build.0 = Debug|Any CPU
		{46EF4089-B43B-4484-A7A4-55C629EF4152}.Debug|x64.ActiveCfg = Debug|Any CPU
		{46EF4089-B43B-4484-A7A4-55C629EF4152}.Debug|x64.Build.0 = Debug|Any CPU
		{46EF4089-B43B-4484-A7A4-55C629EF4152}.Debug|x86.ActiveCfg = Debug|Any CPU
		{46EF4089-B43B-4484-A7A4-55C629EF4152}.Debug|x86.Build.0 = Debug|Any CPU
		{46EF4089-B43B-4484-A7A4-55C629EF4152}.Release|Any CPU.ActiveCfg = Release|Any CPU
		{46EF4089-B43B-4484-A7A4-55C629EF4152}.Release|Any CPU.Build.0 = Release|Any CPU
		{46EF4089-B43B-4484-A7A4-55C629EF4152}.Release|x64.ActiveCfg = Release|Any CPU
		{46EF4089-B43B-4484-A7A4-55C629EF4152}.Release|x64.Build.0 = Release|Any CPU
		{46EF4089-B43B-4484-A7A4-55C629EF4152}.Release|x86.ActiveCfg = Release|Any CPU
		{46EF4089-B43B-4484-A7A4-55C629EF4152}.Release|x86.Build.0 = Release|Any CPU
		{4F9CB3EC-1E8E-44AB-841A-95AF8D3D0404}.Debug|Any CPU.ActiveCfg = Debug|Any CPU
		{4F9CB3EC-1E8E-44AB-841A-95AF8D3D0404}.Debug|Any CPU.Build.0 = Debug|Any CPU
		{4F9CB3EC-1E8E-44AB-841A-95AF8D3D0404}.Debug|x64.ActiveCfg = Debug|Any CPU
		{4F9CB3EC-1E8E-44AB-841A-95AF8D3D0404}.Debug|x64.Build.0 = Debug|Any CPU
		{4F9CB3EC-1E8E-44AB-841A-95AF8D3D0404}.Debug|x86.ActiveCfg = Debug|Any CPU
		{4F9CB3EC-1E8E-44AB-841A-95AF8D3D0404}.Debug|x86.Build.0 = Debug|Any CPU
		{4F9CB3EC-1E8E-44AB-841A-95AF8D3D0404}.Release|Any CPU.ActiveCfg = Release|Any CPU
		{4F9CB3EC-1E8E-44AB-841A-95AF8D3D0404}.Release|Any CPU.Build.0 = Release|Any CPU
		{4F9CB3EC-1E8E-44AB-841A-95AF8D3D0404}.Release|x64.ActiveCfg = Release|Any CPU
		{4F9CB3EC-1E8E-44AB-841A-95AF8D3D0404}.Release|x64.Build.0 = Release|Any CPU
		{4F9CB3EC-1E8E-44AB-841A-95AF8D3D0404}.Release|x86.ActiveCfg = Release|Any CPU
		{4F9CB3EC-1E8E-44AB-841A-95AF8D3D0404}.Release|x86.Build.0 = Release|Any CPU
		{196B3AAE-D4FB-4377-BE27-20D629FB3D08}.Debug|Any CPU.ActiveCfg = Debug|Any CPU
		{196B3AAE-D4FB-4377-BE27-20D629FB3D08}.Debug|Any CPU.Build.0 = Debug|Any CPU
		{196B3AAE-D4FB-4377-BE27-20D629FB3D08}.Debug|x64.ActiveCfg = Debug|Any CPU
		{196B3AAE-D4FB-4377-BE27-20D629FB3D08}.Debug|x64.Build.0 = Debug|Any CPU
		{196B3AAE-D4FB-4377-BE27-20D629FB3D08}.Debug|x86.ActiveCfg = Debug|Any CPU
		{196B3AAE-D4FB-4377-BE27-20D629FB3D08}.Debug|x86.Build.0 = Debug|Any CPU
		{196B3AAE-D4FB-4377-BE27-20D629FB3D08}.Release|Any CPU.ActiveCfg = Release|Any CPU
		{196B3AAE-D4FB-4377-BE27-20D629FB3D08}.Release|Any CPU.Build.0 = Release|Any CPU
		{196B3AAE-D4FB-4377-BE27-20D629FB3D08}.Release|x64.ActiveCfg = Release|Any CPU
		{196B3AAE-D4FB-4377-BE27-20D629FB3D08}.Release|x64.Build.0 = Release|Any CPU
		{196B3AAE-D4FB-4377-BE27-20D629FB3D08}.Release|x86.ActiveCfg = Release|Any CPU
		{196B3AAE-D4FB-4377-BE27-20D629FB3D08}.Release|x86.Build.0 = Release|Any CPU
		{E85FC92A-C28A-4A18-8F1B-93DD31ADD5A2}.Debug|Any CPU.ActiveCfg = Debug|Any CPU
		{E85FC92A-C28A-4A18-8F1B-93DD31ADD5A2}.Debug|Any CPU.Build.0 = Debug|Any CPU
		{E85FC92A-C28A-4A18-8F1B-93DD31ADD5A2}.Debug|x64.ActiveCfg = Debug|Any CPU
		{E85FC92A-C28A-4A18-8F1B-93DD31ADD5A2}.Debug|x64.Build.0 = Debug|Any CPU
		{E85FC92A-C28A-4A18-8F1B-93DD31ADD5A2}.Debug|x86.ActiveCfg = Debug|Any CPU
		{E85FC92A-C28A-4A18-8F1B-93DD31ADD5A2}.Debug|x86.Build.0 = Debug|Any CPU
		{E85FC92A-C28A-4A18-8F1B-93DD31ADD5A2}.Release|Any CPU.ActiveCfg = Release|Any CPU
		{E85FC92A-C28A-4A18-8F1B-93DD31ADD5A2}.Release|Any CPU.Build.0 = Release|Any CPU
		{E85FC92A-C28A-4A18-8F1B-93DD31ADD5A2}.Release|x64.ActiveCfg = Release|Any CPU
		{E85FC92A-C28A-4A18-8F1B-93DD31ADD5A2}.Release|x64.Build.0 = Release|Any CPU
		{E85FC92A-C28A-4A18-8F1B-93DD31ADD5A2}.Release|x86.ActiveCfg = Release|Any CPU
		{E85FC92A-C28A-4A18-8F1B-93DD31ADD5A2}.Release|x86.Build.0 = Release|Any CPU
		{C78BECAA-8456-4075-973E-3E34670C970E}.Debug|Any CPU.ActiveCfg = Debug|Any CPU
		{C78BECAA-8456-4075-973E-3E34670C970E}.Debug|Any CPU.Build.0 = Debug|Any CPU
		{C78BECAA-8456-4075-973E-3E34670C970E}.Debug|x64.ActiveCfg = Debug|Any CPU
		{C78BECAA-8456-4075-973E-3E34670C970E}.Debug|x64.Build.0 = Debug|Any CPU
		{C78BECAA-8456-4075-973E-3E34670C970E}.Debug|x86.ActiveCfg = Debug|Any CPU
		{C78BECAA-8456-4075-973E-3E34670C970E}.Debug|x86.Build.0 = Debug|Any CPU
		{C78BECAA-8456-4075-973E-3E34670C970E}.Release|Any CPU.ActiveCfg = Release|Any CPU
		{C78BECAA-8456-4075-973E-3E34670C970E}.Release|Any CPU.Build.0 = Release|Any CPU
		{C78BECAA-8456-4075-973E-3E34670C970E}.Release|x64.ActiveCfg = Release|Any CPU
		{C78BECAA-8456-4075-973E-3E34670C970E}.Release|x64.Build.0 = Release|Any CPU
		{C78BECAA-8456-4075-973E-3E34670C970E}.Release|x86.ActiveCfg = Release|Any CPU
		{C78BECAA-8456-4075-973E-3E34670C970E}.Release|x86.Build.0 = Release|Any CPU
		{54DE6CC8-E1DA-46D0-9ECA-C46D05E5DCA9}.Debug|Any CPU.ActiveCfg = Debug|Any CPU
		{54DE6CC8-E1DA-46D0-9ECA-C46D05E5DCA9}.Debug|Any CPU.Build.0 = Debug|Any CPU
		{54DE6CC8-E1DA-46D0-9ECA-C46D05E5DCA9}.Debug|x64.ActiveCfg = Debug|Any CPU
		{54DE6CC8-E1DA-46D0-9ECA-C46D05E5DCA9}.Debug|x64.Build.0 = Debug|Any CPU
		{54DE6CC8-E1DA-46D0-9ECA-C46D05E5DCA9}.Debug|x86.ActiveCfg = Debug|Any CPU
		{54DE6CC8-E1DA-46D0-9ECA-C46D05E5DCA9}.Debug|x86.Build.0 = Debug|Any CPU
		{54DE6CC8-E1DA-46D0-9ECA-C46D05E5DCA9}.Release|Any CPU.ActiveCfg = Release|Any CPU
		{54DE6CC8-E1DA-46D0-9ECA-C46D05E5DCA9}.Release|Any CPU.Build.0 = Release|Any CPU
		{54DE6CC8-E1DA-46D0-9ECA-C46D05E5DCA9}.Release|x64.ActiveCfg = Release|Any CPU
		{54DE6CC8-E1DA-46D0-9ECA-C46D05E5DCA9}.Release|x64.Build.0 = Release|Any CPU
		{54DE6CC8-E1DA-46D0-9ECA-C46D05E5DCA9}.Release|x86.ActiveCfg = Release|Any CPU
		{54DE6CC8-E1DA-46D0-9ECA-C46D05E5DCA9}.Release|x86.Build.0 = Release|Any CPU
	EndGlobalSection
	GlobalSection(SolutionProperties) = preSolution
		HideSolutionNode = FALSE
	EndGlobalSection
	GlobalSection(NestedProjects) = preSolution
		{46EF4089-B43B-4484-A7A4-55C629EF4152} = {827E0CD3-B72D-47B6-A68D-7590B98EB39B}
		{4F9CB3EC-1E8E-44AB-841A-95AF8D3D0404} = {827E0CD3-B72D-47B6-A68D-7590B98EB39B}
		{196B3AAE-D4FB-4377-BE27-20D629FB3D08} = {827E0CD3-B72D-47B6-A68D-7590B98EB39B}
		{E85FC92A-C28A-4A18-8F1B-93DD31ADD5A2} = {0AB3BF05-4346-4AA6-1389-037BE0695223}
		{C78BECAA-8456-4075-973E-3E34670C970E} = {0AB3BF05-4346-4AA6-1389-037BE0695223}
		{54DE6CC8-E1DA-46D0-9ECA-C46D05E5DCA9} = {827E0CD3-B72D-47B6-A68D-7590B98EB39B}
	EndGlobalSection
EndGlobal
