
Microsoft Visual Studio Solution File, Format Version 12.00
# Visual Studio Version 17
VisualStudioVersion = 17.0.31903.59
MinimumVisualStudioVersion = 10.0.40219.1
Project("{2150E333-8FDC-42A3-9474-1A3956D46DE8}") = "src", "src", "{827E0CD3-B72D-47B6-A68D-7590B98EB39B}"
EndProject
Project("{FAE04EC0-301F-11D3-BF4B-00C04F79EFBC}") = "Vigil.Api", "src\Vigil.Api\Vigil.Api.csproj", "{A783A015-987C-4542-A396-86384E55642F}"
EndProject
Project("{FAE04EC0-301F-11D3-BF4B-00C04F79EFBC}") = "Vigil.Core", "src\Vigil.Core\Vigil.Core.csproj", "{EF459504-E283-4706-A510-458CA9421AF3}"
EndProject
Project("{FAE04EC0-301F-11D3-BF4B-00C04F79EFBC}") = "Vigil.Data", "src\Vigil.Data\Vigil.Data.csproj", "{EBDF5078-DA42-417D-99BE-7E1F7FF0E443}"
EndProject
Project("{2150E333-8FDC-42A3-9474-1A3956D46DE8}") = "tests", "tests", "{0AB3BF05-4346-4AA6-1389-037BE0695223}"
EndProject
Project("{FAE04EC0-301F-11D3-BF4B-00C04F79EFBC}") = "Vigil.Api.Tests", "tests\Vigil.Api.Tests\Vigil.Api.Tests.csproj", "{2E39CA3E-4A94-4769-98C0-275B9A0A6345}"
EndProject
Project("{FAE04EC0-301F-11D3-BF4B-00C04F79EFBC}") = "Vigil.Core.Tests", "tests\Vigil.Core.Tests\Vigil.Core.Tests.csproj", "{1B24A22A-AE92-47C0-BC89-26625CC28B75}"
EndProject
Global
	GlobalSection(SolutionConfigurationPlatforms) = preSolution
		Debug|Any CPU = Debug|Any CPU
		Debug|x64 = Debug|x64
		Debug|x86 = Debug|x86
		Release|Any CPU = Release|Any CPU
		Release|x64 = Release|x64
		Release|x86 = Release|x86
	EndGlobalSection
	GlobalSection(ProjectConfigurationPlatforms) = postSolution
		{A783A015-987C-4542-A396-86384E55642F}.Debug|Any CPU.ActiveCfg = Debug|Any CPU
		{A783A015-987C-4542-A396-86384E55642F}.Debug|Any CPU.Build.0 = Debug|Any CPU
		{A783A015-987C-4542-A396-86384E55642F}.Debug|x64.ActiveCfg = Debug|Any CPU
		{A783A015-987C-4542-A396-86384E55642F}.Debug|x64.Build.0 = Debug|Any CPU
		{A783A015-987C-4542-A396-86384E55642F}.Debug|x86.ActiveCfg = Debug|Any CPU
		{A783A015-987C-4542-A396-86384E55642F}.Debug|x86.Build.0 = Debug|Any CPU
		{A783A015-987C-4542-A396-86384E55642F}.Release|Any CPU.ActiveCfg = Release|Any CPU
		{A783A015-987C-4542-A396-86384E55642F}.Release|Any CPU.Build.0 = Release|Any CPU
		{A783A015-987C-4542-A396-86384E55642F}.Release|x64.ActiveCfg = Release|Any CPU
		{A783A015-987C-4542-A396-86384E55642F}.Release|x64.Build.0 = Release|Any CPU
		{A783A015-987C-4542-A396-86384E55642F}.Release|x86.ActiveCfg = Release|Any CPU
		{A783A015-987C-4542-A396-86384E55642F}.Release|x86.Build.0 = Release|Any CPU
		{EF459504-E283-4706-A510-458CA9421AF3}.Debug|Any CPU.ActiveCfg = Debug|Any CPU
		{EF459504-E283-4706-A510-458CA9421AF3}.Debug|Any CPU.Build.0 = Debug|Any CPU
		{EF459504-E283-4706-A510-458CA9421AF3}.Debug|x64.ActiveCfg = Debug|Any CPU
		{EF459504-E283-4706-A510-458CA9421AF3}.Debug|x64.Build.0 = Debug|Any CPU
		{EF459504-E283-4706-A510-458CA9421AF3}.Debug|x86.ActiveCfg = Debug|Any CPU
		{EF459504-E283-4706-A510-458CA9421AF3}.Debug|x86.Build.0 = Debug|Any CPU
		{EF459504-E283-4706-A510-458CA9421AF3}.Release|Any CPU.ActiveCfg = Release|Any CPU
		{EF459504-E283-4706-A510-458CA9421AF3}.Release|Any CPU.Build.0 = Release|Any CPU
		{EF459504-E283-4706-A510-458CA9421AF3}.Release|x64.ActiveCfg = Release|Any CPU
		{EF459504-E283-4706-A510-458CA9421AF3}.Release|x64.Build.0 = Release|Any CPU
		{EF459504-E283-4706-A510-458CA9421AF3}.Release|x86.ActiveCfg = Release|Any CPU
		{EF459504-E283-4706-A510-458CA9421AF3}.Release|x86.Build.0 = Release|Any CPU
		{EBDF5078-DA42-417D-99BE-7E1F7FF0E443}.Debug|Any CPU.ActiveCfg = Debug|Any CPU
		{EBDF5078-DA42-417D-99BE-7E1F7FF0E443}.Debug|Any CPU.Build.0 = Debug|Any CPU
		{EBDF5078-DA42-417D-99BE-7E1F7FF0E443}.Debug|x64.ActiveCfg = Debug|Any CPU
		{EBDF5078-DA42-417D-99BE-7E1F7FF0E443}.Debug|x64.Build.0 = Debug|Any CPU
		{EBDF5078-DA42-417D-99BE-7E1F7FF0E443}.Debug|x86.ActiveCfg = Debug|Any CPU
		{EBDF5078-DA42-417D-99BE-7E1F7FF0E443}.Debug|x86.Build.0 = Debug|Any CPU
		{EBDF5078-DA42-417D-99BE-7E1F7FF0E443}.Release|Any CPU.ActiveCfg = Release|Any CPU
		{EBDF5078-DA42-417D-99BE-7E1F7FF0E443}.Release|Any CPU.Build.0 = Release|Any CPU
		{EBDF5078-DA42-417D-99BE-7E1F7FF0E443}.Release|x64.ActiveCfg = Release|Any CPU
		{EBDF5078-DA42-417D-99BE-7E1F7FF0E443}.Release|x64.Build.0 = Release|Any CPU
		{EBDF5078-DA42-417D-99BE-7E1F7FF0E443}.Release|x86.ActiveCfg = Release|Any CPU
		{EBDF5078-DA42-417D-99BE-7E1F7FF0E443}.Release|x86.Build.0 = Release|Any CPU
		{2E39CA3E-4A94-4769-98C0-275B9A0A6345}.Debug|Any CPU.ActiveCfg = Debug|Any CPU
		{2E39CA3E-4A94-4769-98C0-275B9A0A6345}.Debug|Any CPU.Build.0 = Debug|Any CPU
		{2E39CA3E-4A94-4769-98C0-275B9A0A6345}.Debug|x64.ActiveCfg = Debug|Any CPU
		{2E39CA3E-4A94-4769-98C0-275B9A0A6345}.Debug|x64.Build.0 = Debug|Any CPU
		{2E39CA3E-4A94-4769-98C0-275B9A0A6345}.Debug|x86.ActiveCfg = Debug|Any CPU
		{2E39CA3E-4A94-4769-98C0-275B9A0A6345}.Debug|x86.Build.0 = Debug|Any CPU
		{2E39CA3E-4A94-4769-98C0-275B9A0A6345}.Release|Any CPU.ActiveCfg = Release|Any CPU
		{2E39CA3E-4A94-4769-98C0-275B9A0A6345}.Release|Any CPU.Build.0 = Release|Any CPU
		{2E39CA3E-4A94-4769-98C0-275B9A0A6345}.Release|x64.ActiveCfg = Release|Any CPU
		{2E39CA3E-4A94-4769-98C0-275B9A0A6345}.Release|x64.Build.0 = Release|Any CPU
		{2E39CA3E-4A94-4769-98C0-275B9A0A6345}.Release|x86.ActiveCfg = Release|Any CPU
		{2E39CA3E-4A94-4769-98C0-275B9A0A6345}.Release|x86.Build.0 = Release|Any CPU
		{1B24A22A-AE92-47C0-BC89-26625CC28B75}.Debug|Any CPU.ActiveCfg = Debug|Any CPU
		{1B24A22A-AE92-47C0-BC89-26625CC28B75}.Debug|Any CPU.Build.0 = Debug|Any CPU
		{1B24A22A-AE92-47C0-BC89-26625CC28B75}.Debug|x64.ActiveCfg = Debug|Any CPU
		{1B24A22A-AE92-47C0-BC89-26625CC28B75}.Debug|x64.Build.0 = Debug|Any CPU
		{1B24A22A-AE92-47C0-BC89-26625CC28B75}.Debug|x86.ActiveCfg = Debug|Any CPU
		{1B24A22A-AE92-47C0-BC89-26625CC28B75}.Debug|x86.Build.0 = Debug|Any CPU
		{1B24A22A-AE92-47C0-BC89-26625CC28B75}.Release|Any CPU.ActiveCfg = Release|Any CPU
		{1B24A22A-AE92-47C0-BC89-26625CC28B75}.Release|Any CPU.Build.0 = Release|Any CPU
		{1B24A22A-AE92-47C0-BC89-26625CC28B75}.Release|x64.ActiveCfg = Release|Any CPU
		{1B24A22A-AE92-47C0-BC89-26625CC28B75}.Release|x64.Build.0 = Release|Any CPU
		{1B24A22A-AE92-47C0-BC89-26625CC28B75}.Release|x86.ActiveCfg = Release|Any CPU
		{1B24A22A-AE92-47C0-BC89-26625CC28B75}.Release|x86.Build.0 = Release|Any CPU
	EndGlobalSection
	GlobalSection(SolutionProperties) = preSolution
		HideSolutionNode = FALSE
	EndGlobalSection
	GlobalSection(NestedProjects) = preSolution
		{A783A015-987C-4542-A396-86384E55642F} = {827E0CD3-B72D-47B6-A68D-7590B98EB39B}
		{EF459504-E283-4706-A510-458CA9421AF3} = {827E0CD3-B72D-47B6-A68D-7590B98EB39B}
		{EBDF5078-DA42-417D-99BE-7E1F7FF0E443} = {827E0CD3-B72D-47B6-A68D-7590B98EB39B}
		{2E39CA3E-4A94-4769-98C0-275B9A0A6345} = {0AB3BF05-4346-4AA6-1389-037BE0695223}
		{1B24A22A-AE92-47C0-BC89-26625CC28B75} = {0AB3BF05-4346-4AA6-1389-037BE0695223}
	EndGlobalSection
EndGlobal
